# This file is automatically @generated by Cargo.
# It is not intended for manual editing.
version = 3

[[package]]
name = "plushy"
version = "0.0.0"
dependencies = [
 "thunderdome",
]

[[package]]
name = "thunderdome"
version = "0.6.1"
source = "registry+https://github.com/rust-lang/crates.io-index"
checksum = "92e170f93360bf9ae6fe3c31116bbf27adb1d054cedd6bc3d7857e34f2d98d0b"
